PODS:
  - AFNetworking (1.3.3)
  - JPSThumbnailAnnotation (HEAD based on 0.0.1)

DEPENDENCIES:
  - AFNetworking (~> 1.3.3)
  - JPSThumbnailAnnotation (HEAD)

SPEC CHECKSUMS:
  AFNetworking: 0700ec7a58c36ad217173e167f6e4df7270df66b
  JPSThumbnailAnnotation: 5919ca300ebaeb43e3d8809639d29372a5fc09f4

COCOAPODS: 0.28.0
